
Microsoft Visual Studio Solution File, Format Version 12.00
# Visual Studio Version 17
VisualStudioVersion = 17.0.32112.339
MinimumVisualStudioVersion = 10.0.40219.1
Project("{FAE04EC0-301F-11D3-BF4B-00C04F79EFBC}") = "OktaDemo", "OktaDemo.csproj", "{4BA0AE59-13A7-4FB4-BB61-7B0B26F422BF}"
EndProject
Global
	GlobalSection(SolutionConfigurationPlatforms) = preSolution
		Debug|Any CPU = Debug|Any CPU
		Release|Any CPU = Release|Any CPU
	EndGlobalSection
	GlobalSection(ProjectConfigurationPlatforms) = postSolution
		{4BA0AE59-13A7-4FB4-BB61-7B0B26F422BF}.Debug|Any CPU.ActiveCfg = Debug|Any CPU
		{4BA0AE59-13A7-4FB4-BB61-7B0B26F422BF}.Debug|Any CPU.Build.0 = Debug|Any CPU
		{4BA0AE59-13A7-4FB4-BB61-7B0B26F422BF}.Release|Any CPU.ActiveCfg = Release|Any CPU
		{4BA0AE59-13A7-4FB4-BB61-7B0B26F422BF}.Release|Any CPU.Build.0 = Release|Any CPU
	EndGlobalSection
	GlobalSection(SolutionProperties) = preSolution
		HideSolutionNode = FALSE
	EndGlobalSection
	GlobalSection(ExtensibilityGlobals) = postSolution
		SolutionGuid = {E8008618-B1A3-4DEE-8D54-D5737EC908F6}
	EndGlobalSection
EndGlobal
